
Microsoft Visual Studio Solution File, Format Version 12.00
# Visual Studio Version 17
VisualStudioVersion = 17.0.31903.59
MinimumVisualStudioVersion = 10.0.40219.1
Project("{2150E333-8FDC-42A3-9474-1A3956D46DE8}") = "src", "src", "{827E0CD3-B72D-47B6-A68D-7590B98EB39B}"
EndProject
Project("{2150E333-8FDC-42A3-9474-1A3956D46DE8}") = "Shared", "Shared", "{C8E42992-5E42-0C2B-DBFE-AA848D06431C}"
EndProject
Project("{FAE04EC0-301F-11D3-BF4B-00C04F79EFBC}") = "GuidedMentor.SharedKernel", "src\Shared\GuidedMentor.SharedKernel\GuidedMentor.SharedKernel.csproj", "{2DC4F7F6-8FD2-45D3-82E7-26F3C199F1E2}"
EndProject
Project("{2150E333-8FDC-42A3-9474-1A3956D46DE8}") = "Identity", "Identity", "{65ABFB5D-2B10-DF64-BF12-C17976F8E5D9}"
EndProject
Project("{FAE04EC0-301F-11D3-BF4B-00C04F79EFBC}") = "GuidedMentor.Identity.Domain", "src\Identity\GuidedMentor.Identity.Domain\GuidedMentor.Identity.Domain.csproj", "{EC139D70-4DD2-42E0-A8AD-9B63E14975A2}"
EndProject
Project("{FAE04EC0-301F-11D3-BF4B-00C04F79EFBC}") = "GuidedMentor.Identity.Application", "src\Identity\GuidedMentor.Identity.Application\GuidedMentor.Identity.Application.csproj", "{3BA175B9-99D9-4B76-8F9C-01C615DD6498}"
EndProject
Project("{FAE04EC0-301F-11D3-BF4B-00C04F79EFBC}") = "GuidedMentor.Identity.Infrastructure", "src\Identity\GuidedMentor.Identity.Infrastructure\GuidedMentor.Identity.Infrastructure.csproj", "{51F1226C-1A02-4B39-96E3-BBBEE3C3775D}"
EndProject
Project("{FAE04EC0-301F-11D3-BF4B-00C04F79EFBC}") = "GuidedMentor.Identity.Api", "src\Identity\GuidedMentor.Identity.Api\GuidedMentor.Identity.Api.csproj", "{5FD26DEA-B79D-41E0-A0F0-4EBF999FCD91}"
EndProject
Project("{2150E333-8FDC-42A3-9474-1A3956D46DE8}") = "Mentoring", "Mentoring", "{0B965A6B-360D-9E34-213D-3E28CD84F5E6}"
EndProject
Project("{FAE04EC0-301F-11D3-BF4B-00C04F79EFBC}") = "GuidedMentor.Mentoring.Domain", "src\Mentoring\GuidedMentor.Mentoring.Domain\GuidedMentor.Mentoring.Domain.csproj", "{2E76AF6C-5979-4722-8464-4BFD6EA5844C}"
EndProject
Project("{FAE04EC0-301F-11D3-BF4B-00C04F79EFBC}") = "GuidedMentor.Mentoring.Application", "src\Mentoring\GuidedMentor.Mentoring.Application\GuidedMentor.Mentoring.Application.csproj", "{7EF7318B-D48E-4CD3-ADC2-37E900FB0BB5}"
EndProject
Project("{FAE04EC0-301F-11D3-BF4B-00C04F79EFBC}") = "GuidedMentor.Mentoring.Infrastructure", "src\Mentoring\GuidedMentor.Mentoring.Infrastructure\GuidedMentor.Mentoring.Infrastructure.csproj", "{42FE4022-DF93-472E-BC80-564F7F2AEC90}"
EndProject
Project("{FAE04EC0-301F-11D3-BF4B-00C04F79EFBC}") = "GuidedMentor.Mentoring.Api", "src\Mentoring\GuidedMentor.Mentoring.Api\GuidedMentor.Mentoring.Api.csproj", "{8F80AFF5-CE02-4852-8A9C-3E1D90F5B0D7}"
EndProject
Project("{2150E333-8FDC-42A3-9474-1A3956D46DE8}") = "Content", "Content", "{38532A7F-EC54-9B11-70D2-B3A38FFD3B37}"
EndProject
Project("{FAE04EC0-301F-11D3-BF4B-00C04F79EFBC}") = "GuidedMentor.Content.Domain", "src\Content\GuidedMentor.Content.Domain\GuidedMentor.Content.Domain.csproj", "{878E0656-7BD0-4F9A-9564-E4EA9FA3CBB6}"
EndProject
Project("{FAE04EC0-301F-11D3-BF4B-00C04F79EFBC}") = "GuidedMentor.Content.Application", "src\Content\GuidedMentor.Content.Application\GuidedMentor.Content.Application.csproj", "{EAE4876B-2DDB-4BFA-B33D-2FACB570DEE4}"
EndProject
Project("{FAE04EC0-301F-11D3-BF4B-00C04F79EFBC}") = "GuidedMentor.Content.Api", "src\Content\GuidedMentor.Content.Api\GuidedMentor.Content.Api.csproj", "{E71614E7-5673-4AD9-905C-AEFB9CD65879}"
EndProject
Project("{FAE04EC0-301F-11D3-BF4B-00C04F79EFBC}") = "GuidedMentor.Content.Infrastructure", "src\Content\GuidedMentor.Content.Infrastructure\GuidedMentor.Content.Infrastructure.csproj", "{7CAC2F64-1343-4C13-9223-2B597E89BEFA}"
EndProject
Project("{2150E333-8FDC-42A3-9474-1A3956D46DE8}") = "Engagement", "Engagement", "{A41B5581-00B6-1743-8D5D-39EFB463E538}"
EndProject
Project("{FAE04EC0-301F-11D3-BF4B-00C04F79EFBC}") = "GuidedMentor.Engagement.Domain", "src\Engagement\GuidedMentor.Engagement.Domain\GuidedMentor.Engagement.Domain.csproj", "{12148C74-F67E-4DEA-812C-3DD3EB188394}"
EndProject
Project("{FAE04EC0-301F-11D3-BF4B-00C04F79EFBC}") = "GuidedMentor.Engagement.Application", "src\Engagement\GuidedMentor.Engagement.Application\GuidedMentor.Engagement.Application.csproj", "{7C7B3862-6EF8-4972-973A-49F2623E9B1D}"
EndProject
Project("{FAE04EC0-301F-11D3-BF4B-00C04F79EFBC}") = "GuidedMentor.Engagement.Infrastructure", "src\Engagement\GuidedMentor.Engagement.Infrastructure\GuidedMentor.Engagement.Infrastructure.csproj", "{3483E281-CAA7-498E-8016-D6AD6BBC8167}"
EndProject
Project("{FAE04EC0-301F-11D3-BF4B-00C04F79EFBC}") = "GuidedMentor.Engagement.Api", "src\Engagement\GuidedMentor.Engagement.Api\GuidedMentor.Engagement.Api.csproj", "{428C194B-27DD-4F38-982C-6C827A831509}"
EndProject
Project("{FAE04EC0-301F-11D3-BF4B-00C04F79EFBC}") = "GuidedMentor.SharedInfrastructure", "src\Shared\GuidedMentor.SharedInfrastructure\GuidedMentor.SharedInfrastructure.csproj", "{1B81D6EE-6B45-4FCF-98EB-7112C0BD13AF}"
EndProject
Project("{FAE04EC0-301F-11D3-BF4B-00C04F79EFBC}") = "GuidedMentor.Observability", "src\Shared\GuidedMentor.Observability\GuidedMentor.Observability.csproj", "{E734D782-9331-4392-BABF-2C36B5E15774}"
EndProject
Project("{2150E333-8FDC-42A3-9474-1A3956D46DE8}") = "tests", "tests", "{0AB3BF05-4346-4AA6-1389-037BE0695223}"
EndProject
Project("{FAE04EC0-301F-11D3-BF4B-00C04F79EFBC}") = "GuidedMentor.SharedTestUtils", "tests\GuidedMentor.SharedTestUtils\GuidedMentor.SharedTestUtils.csproj", "{6E981E61-A2A2-4103-BB28-D39147C51D2E}"
EndProject
Project("{FAE04EC0-301F-11D3-BF4B-00C04F79EFBC}") = "GuidedMentor.Identity.Tests", "tests\GuidedMentor.Identity.Tests\GuidedMentor.Identity.Tests.csproj", "{D9D8A203-50DA-464D-8C13-22092A15B93D}"
EndProject
Project("{FAE04EC0-301F-11D3-BF4B-00C04F79EFBC}") = "GuidedMentor.Mentoring.Tests", "tests\GuidedMentor.Mentoring.Tests\GuidedMentor.Mentoring.Tests.csproj", "{6A15EA3F-1761-4A14-81EA-59BE1893ED7D}"
EndProject
Project("{FAE04EC0-301F-11D3-BF4B-00C04F79EFBC}") = "GuidedMentor.Content.Tests", "tests\GuidedMentor.Content.Tests\GuidedMentor.Content.Tests.csproj", "{BA847651-76F3-4B44-AD66-4C89BA80E066}"
EndProject
Project("{FAE04EC0-301F-11D3-BF4B-00C04F79EFBC}") = "GuidedMentor.Engagement.Tests", "tests\GuidedMentor.Engagement.Tests\GuidedMentor.Engagement.Tests.csproj", "{9F37EFB6-10FB-4312-BAF1-B923F14AB157}"
EndProject
Project("{FAE04EC0-301F-11D3-BF4B-00C04F79EFBC}") = "GuidedMentor.ArchitectureTests", "tests\GuidedMentor.ArchitectureTests\GuidedMentor.ArchitectureTests.csproj", "{83B20D1F-879A-409A-8B98-A74F168AF68B}"
EndProject
Project("{FAE04EC0-301F-11D3-BF4B-00C04F79EFBC}") = "GuidedMentor.BackgroundJobs", "src\BackgroundJobs\GuidedMentor.BackgroundJobs\GuidedMentor.BackgroundJobs.csproj", "{34D03C86-B08D-46BA-8514-83267E34C649}"
EndProject
Project("{2150E333-8FDC-42A3-9474-1A3956D46DE8}") = "tools", "tools", "{07C2787E-EAC7-C090-1BA3-A61EC2A24D84}"
EndProject
Project("{FAE04EC0-301F-11D3-BF4B-00C04F79EFBC}") = "SeedData", "tools\SeedData\SeedData.csproj", "{05488148-4F5C-418A-BA42-00C7A2A0FAF0}"
EndProject
Project("{FAE04EC0-301F-11D3-BF4B-00C04F79EFBC}") = "GuidedMentor.Tools.SeedData.Tests", "tests\GuidedMentor.Tools.SeedData.Tests\GuidedMentor.Tools.SeedData.Tests.csproj", "{5BE98470-E204-4BD8-9E18-0303CC2D0C5C}"
EndProject
Project("{FAE04EC0-301F-11D3-BF4B-00C04F79EFBC}") = "GuidedMentor.Integration.Tests", "tests\GuidedMentor.Integration.Tests\GuidedMentor.Integration.Tests.csproj", "{A7C6B5EF-9600-4967-9707-50142405F2D3}"
EndProject
Project("{FAE04EC0-301F-11D3-BF4B-00C04F79EFBC}") = "GuidedMentor.LocalDev", "src\Shared\GuidedMentor.LocalDev\GuidedMentor.LocalDev.csproj", "{5AEDD54A-96F0-4188-9AE9-3777F85F39E5}"
EndProject
Global
	GlobalSection(SolutionConfigurationPlatforms) = preSolution
		Debug|Any CPU = Debug|Any CPU
		Debug|x64 = Debug|x64
		Debug|x86 = Debug|x86
		Release|Any CPU = Release|Any CPU
		Release|x64 = Release|x64
		Release|x86 = Release|x86
	EndGlobalSection
	GlobalSection(ProjectConfigurationPlatforms) = postSolution
		{2DC4F7F6-8FD2-45D3-82E7-26F3C199F1E2}.Debug|Any CPU.ActiveCfg = Debug|Any CPU
		{2DC4F7F6-8FD2-45D3-82E7-26F3C199F1E2}.Debug|Any CPU.Build.0 = Debug|Any CPU
		{2DC4F7F6-8FD2-45D3-82E7-26F3C199F1E2}.Debug|x64.ActiveCfg = Debug|Any CPU
		{2DC4F7F6-8FD2-45D3-82E7-26F3C199F1E2}.Debug|x64.Build.0 = Debug|Any CPU
		{2DC4F7F6-8FD2-45D3-82E7-26F3C199F1E2}.Debug|x86.ActiveCfg = Debug|Any CPU
		{2DC4F7F6-8FD2-45D3-82E7-26F3C199F1E2}.Debug|x86.Build.0 = Debug|Any CPU
		{2DC4F7F6-8FD2-45D3-82E7-26F3C199F1E2}.Release|Any CPU.ActiveCfg = Release|Any CPU
		{2DC4F7F6-8FD2-45D3-82E7-26F3C199F1E2}.Release|Any CPU.Build.0 = Release|Any CPU
		{2DC4F7F6-8FD2-45D3-82E7-26F3C199F1E2}.Release|x64.ActiveCfg = Release|Any CPU
		{2DC4F7F6-8FD2-45D3-82E7-26F3C199F1E2}.Release|x64.Build.0 = Release|Any CPU
		{2DC4F7F6-8FD2-45D3-82E7-26F3C199F1E2}.Release|x86.ActiveCfg = Release|Any CPU
		{2DC4F7F6-8FD2-45D3-82E7-26F3C199F1E2}.Release|x86.Build.0 = Release|Any CPU
		{EC139D70-4DD2-42E0-A8AD-9B63E14975A2}.Debug|Any CPU.ActiveCfg = Debug|Any CPU
		{EC139D70-4DD2-42E0-A8AD-9B63E14975A2}.Debug|Any CPU.Build.0 = Debug|Any CPU
		{EC139D70-4DD2-42E0-A8AD-9B63E14975A2}.Debug|x64.ActiveCfg = Debug|Any CPU
		{EC139D70-4DD2-42E0-A8AD-9B63E14975A2}.Debug|x64.Build.0 = Debug|Any CPU
		{EC139D70-4DD2-42E0-A8AD-9B63E14975A2}.Debug|x86.ActiveCfg = Debug|Any CPU
		{EC139D70-4DD2-42E0-A8AD-9B63E14975A2}.Debug|x86.Build.0 = Debug|Any CPU
		{EC139D70-4DD2-42E0-A8AD-9B63E14975A2}.Release|Any CPU.ActiveCfg = Release|Any CPU
		{EC139D70-4DD2-42E0-A8AD-9B63E14975A2}.Release|Any CPU.Build.0 = Release|Any CPU
		{EC139D70-4DD2-42E0-A8AD-9B63E14975A2}.Release|x64.ActiveCfg = Release|Any CPU
		{EC139D70-4DD2-42E0-A8AD-9B63E14975A2}.Release|x64.Build.0 = Release|Any CPU
		{EC139D70-4DD2-42E0-A8AD-9B63E14975A2}.Release|x86.ActiveCfg = Release|Any CPU
		{EC139D70-4DD2-42E0-A8AD-9B63E14975A2}.Release|x86.Build.0 = Release|Any CPU
		{3BA175B9-99D9-4B76-8F9C-01C615DD6498}.Debug|Any CPU.ActiveCfg = Debug|Any CPU
		{3BA175B9-99D9-4B76-8F9C-01C615DD6498}.Debug|Any CPU.Build.0 = Debug|Any CPU
		{3BA175B9-99D9-4B76-8F9C-01C615DD6498}.Debug|x64.ActiveCfg = Debug|Any CPU
		{3BA175B9-99D9-4B76-8F9C-01C615DD6498}.Debug|x64.Build.0 = Debug|Any CPU
		{3BA175B9-99D9-4B76-8F9C-01C615DD6498}.Debug|x86.ActiveCfg = Debug|Any CPU
		{3BA175B9-99D9-4B76-8F9C-01C615DD6498}.Debug|x86.Build.0 = Debug|Any CPU
		{3BA175B9-99D9-4B76-8F9C-01C615DD6498}.Release|Any CPU.ActiveCfg = Release|Any CPU
		{3BA175B9-99D9-4B76-8F9C-01C615DD6498}.Release|Any CPU.Build.0 = Release|Any CPU
		{3BA175B9-99D9-4B76-8F9C-01C615DD6498}.Release|x64.ActiveCfg = Release|Any CPU
		{3BA175B9-99D9-4B76-8F9C-01C615DD6498}.Release|x64.Build.0 = Release|Any CPU
		{3BA175B9-99D9-4B76-8F9C-01C615DD6498}.Release|x86.ActiveCfg = Release|Any CPU
		{3BA175B9-99D9-4B76-8F9C-01C615DD6498}.Release|x86.Build.0 = Release|Any CPU
		{51F1226C-1A02-4B39-96E3-BBBEE3C3775D}.Debug|Any CPU.ActiveCfg = Debug|Any CPU
		{51F1226C-1A02-4B39-96E3-BBBEE3C3775D}.Debug|Any CPU.Build.0 = Debug|Any CPU
		{51F1226C-1A02-4B39-96E3-BBBEE3C3775D}.Debug|x64.ActiveCfg = Debug|Any CPU
		{51F1226C-1A02-4B39-96E3-BBBEE3C3775D}.Debug|x64.Build.0 = Debug|Any CPU
		{51F1226C-1A02-4B39-96E3-BBBEE3C3775D}.Debug|x86.ActiveCfg = Debug|Any CPU
		{51F1226C-1A02-4B39-96E3-BBBEE3C3775D}.Debug|x86.Build.0 = Debug|Any CPU
		{51F1226C-1A02-4B39-96E3-BBBEE3C3775D}.Release|Any CPU.ActiveCfg = Release|Any CPU
		{51F1226C-1A02-4B39-96E3-BBBEE3C3775D}.Release|Any CPU.Build.0 = Release|Any CPU
		{51F1226C-1A02-4B39-96E3-BBBEE3C3775D}.Release|x64.ActiveCfg = Release|Any CPU
		{51F1226C-1A02-4B39-96E3-BBBEE3C3775D}.Release|x64.Build.0 = Release|Any CPU
		{51F1226C-1A02-4B39-96E3-BBBEE3C3775D}.Release|x86.ActiveCfg = Release|Any CPU
		{51F1226C-1A02-4B39-96E3-BBBEE3C3775D}.Release|x86.Build.0 = Release|Any CPU
		{5FD26DEA-B79D-41E0-A0F0-4EBF999FCD91}.Debug|Any CPU.ActiveCfg = Debug|Any CPU
		{5FD26DEA-B79D-41E0-A0F0-4EBF999FCD91}.Debug|Any CPU.Build.0 = Debug|Any CPU
		{5FD26DEA-B79D-41E0-A0F0-4EBF999FCD91}.Debug|x64.ActiveCfg = Debug|Any CPU
		{5FD26DEA-B79D-41E0-A0F0-4EBF999FCD91}.Debug|x64.Build.0 = Debug|Any CPU
		{5FD26DEA-B79D-41E0-A0F0-4EBF999FCD91}.Debug|x86.ActiveCfg = Debug|Any CPU
		{5FD26DEA-B79D-41E0-A0F0-4EBF999FCD91}.Debug|x86.Build.0 = Debug|Any CPU
		{5FD26DEA-B79D-41E0-A0F0-4EBF999FCD91}.Release|Any CPU.ActiveCfg = Release|Any CPU
		{5FD26DEA-B79D-41E0-A0F0-4EBF999FCD91}.Release|Any CPU.Build.0 = Release|Any CPU
		{5FD26DEA-B79D-41E0-A0F0-4EBF999FCD91}.Release|x64.ActiveCfg = Release|Any CPU
		{5FD26DEA-B79D-41E0-A0F0-4EBF999FCD91}.Release|x64.Build.0 = Release|Any CPU
		{5FD26DEA-B79D-41E0-A0F0-4EBF999FCD91}.Release|x86.ActiveCfg = Release|Any CPU
		{5FD26DEA-B79D-41E0-A0F0-4EBF999FCD91}.Release|x86.Build.0 = Release|Any CPU
		{2E76AF6C-5979-4722-8464-4BFD6EA5844C}.Debug|Any CPU.ActiveCfg = Debug|Any CPU
		{2E76AF6C-5979-4722-8464-4BFD6EA5844C}.Debug|Any CPU.Build.0 = Debug|Any CPU
		{2E76AF6C-5979-4722-8464-4BFD6EA5844C}.Debug|x64.ActiveCfg = Debug|Any CPU
		{2E76AF6C-5979-4722-8464-4BFD6EA5844C}.Debug|x64.Build.0 = Debug|Any CPU
		{2E76AF6C-5979-4722-8464-4BFD6EA5844C}.Debug|x86.ActiveCfg = Debug|Any CPU
		{2E76AF6C-5979-4722-8464-4BFD6EA5844C}.Debug|x86.Build.0 = Debug|Any CPU
		{2E76AF6C-5979-4722-8464-4BFD6EA5844C}.Release|Any CPU.ActiveCfg = Release|Any CPU
		{2E76AF6C-5979-4722-8464-4BFD6EA5844C}.Release|Any CPU.Build.0 = Release|Any CPU
		{2E76AF6C-5979-4722-8464-4BFD6EA5844C}.Release|x64.ActiveCfg = Release|Any CPU
		{2E76AF6C-5979-4722-8464-4BFD6EA5844C}.Release|x64.Build.0 = Release|Any CPU
		{2E76AF6C-5979-4722-8464-4BFD6EA5844C}.Release|x86.ActiveCfg = Release|Any CPU
		{2E76AF6C-5979-4722-8464-4BFD6EA5844C}.Release|x86.Build.0 = Release|Any CPU
		{7EF7318B-D48E-4CD3-ADC2-37E900FB0BB5}.Debug|Any CPU.ActiveCfg = Debug|Any CPU
		{7EF7318B-D48E-4CD3-ADC2-37E900FB0BB5}.Debug|Any CPU.Build.0 = Debug|Any CPU
		{7EF7318B-D48E-4CD3-ADC2-37E900FB0BB5}.Debug|x64.ActiveCfg = Debug|Any CPU
		{7EF7318B-D48E-4CD3-ADC2-37E900FB0BB5}.Debug|x64.Build.0 = Debug|Any CPU
		{7EF7318B-D48E-4CD3-ADC2-37E900FB0BB5}.Debug|x86.ActiveCfg = Debug|Any CPU
		{7EF7318B-D48E-4CD3-ADC2-37E900FB0BB5}.Debug|x86.Build.0 = Debug|Any CPU
		{7EF7318B-D48E-4CD3-ADC2-37E900FB0BB5}.Release|Any CPU.ActiveCfg = Release|Any CPU
		{7EF7318B-D48E-4CD3-ADC2-37E900FB0BB5}.Release|Any CPU.Build.0 = Release|Any CPU
		{7EF7318B-D48E-4CD3-ADC2-37E900FB0BB5}.Release|x64.ActiveCfg = Release|Any CPU
		{7EF7318B-D48E-4CD3-ADC2-37E900FB0BB5}.Release|x64.Build.0 = Release|Any CPU
		{7EF7318B-D48E-4CD3-ADC2-37E900FB0BB5}.Release|x86.ActiveCfg = Release|Any CPU
		{7EF7318B-D48E-4CD3-ADC2-37E900FB0BB5}.Release|x86.Build.0 = Release|Any CPU
		{42FE4022-DF93-472E-BC80-564F7F2AEC90}.Debug|Any CPU.ActiveCfg = Debug|Any CPU
		{42FE4022-DF93-472E-BC80-564F7F2AEC90}.Debug|Any CPU.Build.0 = Debug|Any CPU
		{42FE4022-DF93-472E-BC80-564F7F2AEC90}.Debug|x64.ActiveCfg = Debug|Any CPU
		{42FE4022-DF93-472E-BC80-564F7F2AEC90}.Debug|x64.Build.0 = Debug|Any CPU
		{42FE4022-DF93-472E-BC80-564F7F2AEC90}.Debug|x86.ActiveCfg = Debug|Any CPU
		{42FE4022-DF93-472E-BC80-564F7F2AEC90}.Debug|x86.Build.0 = Debug|Any CPU
		{42FE4022-DF93-472E-BC80-564F7F2AEC90}.Release|Any CPU.ActiveCfg = Release|Any CPU
		{42FE4022-DF93-472E-BC80-564F7F2AEC90}.Release|Any CPU.Build.0 = Release|Any CPU
		{42FE4022-DF93-472E-BC80-564F7F2AEC90}.Release|x64.ActiveCfg = Release|Any CPU
		{42FE4022-DF93-472E-BC80-564F7F2AEC90}.Release|x64.Build.0 = Release|Any CPU
		{42FE4022-DF93-472E-BC80-564F7F2AEC90}.Release|x86.ActiveCfg = Release|Any CPU
		{42FE4022-DF93-472E-BC80-564F7F2AEC90}.Release|x86.Build.0 = Release|Any CPU
		{8F80AFF5-CE02-4852-8A9C-3E1D90F5B0D7}.Debug|Any CPU.ActiveCfg = Debug|Any CPU
		{8F80AFF5-CE02-4852-8A9C-3E1D90F5B0D7}.Debug|Any CPU.Build.0 = Debug|Any CPU
		{8F80AFF5-CE02-4852-8A9C-3E1D90F5B0D7}.Debug|x64.ActiveCfg = Debug|Any CPU
		{8F80AFF5-CE02-4852-8A9C-3E1D90F5B0D7}.Debug|x64.Build.0 = Debug|Any CPU
		{8F80AFF5-CE02-4852-8A9C-3E1D90F5B0D7}.Debug|x86.ActiveCfg = Debug|Any CPU
		{8F80AFF5-CE02-4852-8A9C-3E1D90F5B0D7}.Debug|x86.Build.0 = Debug|Any CPU
		{8F80AFF5-CE02-4852-8A9C-3E1D90F5B0D7}.Release|Any CPU.ActiveCfg = Release|Any CPU
		{8F80AFF5-CE02-4852-8A9C-3E1D90F5B0D7}.Release|Any CPU.Build.0 = Release|Any CPU
		{8F80AFF5-CE02-4852-8A9C-3E1D90F5B0D7}.Release|x64.ActiveCfg = Release|Any CPU
		{8F80AFF5-CE02-4852-8A9C-3E1D90F5B0D7}.Release|x64.Build.0 = Release|Any CPU
		{8F80AFF5-CE02-4852-8A9C-3E1D90F5B0D7}.Release|x86.ActiveCfg = Release|Any CPU
		{8F80AFF5-CE02-4852-8A9C-3E1D90F5B0D7}.Release|x86.Build.0 = Release|Any CPU
		{878E0656-7BD0-4F9A-9564-E4EA9FA3CBB6}.Debug|Any CPU.ActiveCfg = Debug|Any CPU
		{878E0656-7BD0-4F9A-9564-E4EA9FA3CBB6}.Debug|Any CPU.Build.0 = Debug|Any CPU
		{878E0656-7BD0-4F9A-9564-E4EA9FA3CBB6}.Debug|x64.ActiveCfg = Debug|Any CPU
		{878E0656-7BD0-4F9A-9564-E4EA9FA3CBB6}.Debug|x64.Build.0 = Debug|Any CPU
		{878E0656-7BD0-4F9A-9564-E4EA9FA3CBB6}.Debug|x86.ActiveCfg = Debug|Any CPU
		{878E0656-7BD0-4F9A-9564-E4EA9FA3CBB6}.Debug|x86.Build.0 = Debug|Any CPU
		{878E0656-7BD0-4F9A-9564-E4EA9FA3CBB6}.Release|Any CPU.ActiveCfg = Release|Any CPU
		{878E0656-7BD0-4F9A-9564-E4EA9FA3CBB6}.Release|Any CPU.Build.0 = Release|Any CPU
		{878E0656-7BD0-4F9A-9564-E4EA9FA3CBB6}.Release|x64.ActiveCfg = Release|Any CPU
		{878E0656-7BD0-4F9A-9564-E4EA9FA3CBB6}.Release|x64.Build.0 = Release|Any CPU
		{878E0656-7BD0-4F9A-9564-E4EA9FA3CBB6}.Release|x86.ActiveCfg = Release|Any CPU
		{878E0656-7BD0-4F9A-9564-E4EA9FA3CBB6}.Release|x86.Build.0 = Release|Any CPU
		{EAE4876B-2DDB-4BFA-B33D-2FACB570DEE4}.Debug|Any CPU.ActiveCfg = Debug|Any CPU
		{EAE4876B-2DDB-4BFA-B33D-2FACB570DEE4}.Debug|Any CPU.Build.0 = Debug|Any CPU
		{EAE4876B-2DDB-4BFA-B33D-2FACB570DEE4}.Debug|x64.ActiveCfg = Debug|Any CPU
		{EAE4876B-2DDB-4BFA-B33D-2FACB570DEE4}.Debug|x64.Build.0 = Debug|Any CPU
		{EAE4876B-2DDB-4BFA-B33D-2FACB570DEE4}.Debug|x86.ActiveCfg = Debug|Any CPU
		{EAE4876B-2DDB-4BFA-B33D-2FACB570DEE4}.Debug|x86.Build.0 = Debug|Any CPU
		{EAE4876B-2DDB-4BFA-B33D-2FACB570DEE4}.Release|Any CPU.ActiveCfg = Release|Any CPU
		{EAE4876B-2DDB-4BFA-B33D-2FACB570DEE4}.Release|Any CPU.Build.0 = Release|Any CPU
		{EAE4876B-2DDB-4BFA-B33D-2FACB570DEE4}.Release|x64.ActiveCfg = Release|Any CPU
		{EAE4876B-2DDB-4BFA-B33D-2FACB570DEE4}.Release|x64.Build.0 = Release|Any CPU
		{EAE4876B-2DDB-4BFA-B33D-2FACB570DEE4}.Release|x86.ActiveCfg = Release|Any CPU
		{EAE4876B-2DDB-4BFA-B33D-2FACB570DEE4}.Release|x86.Build.0 = Release|Any CPU
		{E71614E7-5673-4AD9-905C-AEFB9CD65879}.Debug|Any CPU.ActiveCfg = Debug|Any CPU
		{E71614E7-5673-4AD9-905C-AEFB9CD65879}.Debug|Any CPU.Build.0 = Debug|Any CPU
		{E71614E7-5673-4AD9-905C-AEFB9CD65879}.Debug|x64.ActiveCfg = Debug|Any CPU
		{E71614E7-5673-4AD9-905C-AEFB9CD65879}.Debug|x64.Build.0 = Debug|Any CPU
		{E71614E7-5673-4AD9-905C-AEFB9CD65879}.Debug|x86.ActiveCfg = Debug|Any CPU
		{E71614E7-5673-4AD9-905C-AEFB9CD65879}.Debug|x86.Build.0 = Debug|Any CPU
		{E71614E7-5673-4AD9-905C-AEFB9CD65879}.Release|Any CPU.ActiveCfg = Release|Any CPU
		{E71614E7-5673-4AD9-905C-AEFB9CD65879}.Release|Any CPU.Build.0 = Release|Any CPU
		{E71614E7-5673-4AD9-905C-AEFB9CD65879}.Release|x64.ActiveCfg = Release|Any CPU
		{E71614E7-5673-4AD9-905C-AEFB9CD65879}.Release|x64.Build.0 = Release|Any CPU
		{E71614E7-5673-4AD9-905C-AEFB9CD65879}.Release|x86.ActiveCfg = Release|Any CPU
		{E71614E7-5673-4AD9-905C-AEFB9CD65879}.Release|x86.Build.0 = Release|Any CPU
		{7CAC2F64-1343-4C13-9223-2B597E89BEFA}.Debug|Any CPU.ActiveCfg = Debug|Any CPU
		{7CAC2F64-1343-4C13-9223-2B597E89BEFA}.Debug|Any CPU.Build.0 = Debug|Any CPU
		{7CAC2F64-1343-4C13-9223-2B597E89BEFA}.Debug|x64.ActiveCfg = Debug|Any CPU
		{7CAC2F64-1343-4C13-9223-2B597E89BEFA}.Debug|x64.Build.0 = Debug|Any CPU
		{7CAC2F64-1343-4C13-9223-2B597E89BEFA}.Debug|x86.ActiveCfg = Debug|Any CPU
		{7CAC2F64-1343-4C13-9223-2B597E89BEFA}.Debug|x86.Build.0 = Debug|Any CPU
		{7CAC2F64-1343-4C13-9223-2B597E89BEFA}.Release|Any CPU.ActiveCfg = Release|Any CPU
		{7CAC2F64-1343-4C13-9223-2B597E89BEFA}.Release|Any CPU.Build.0 = Release|Any CPU
		{7CAC2F64-1343-4C13-9223-2B597E89BEFA}.Release|x64.ActiveCfg = Release|Any CPU
		{7CAC2F64-1343-4C13-9223-2B597E89BEFA}.Release|x64.Build.0 = Release|Any CPU
		{7CAC2F64-1343-4C13-9223-2B597E89BEFA}.Release|x86.ActiveCfg = Release|Any CPU
		{7CAC2F64-1343-4C13-9223-2B597E89BEFA}.Release|x86.Build.0 = Release|Any CPU
		{12148C74-F67E-4DEA-812C-3DD3EB188394}.Debug|Any CPU.ActiveCfg = Debug|Any CPU
		{12148C74-F67E-4DEA-812C-3DD3EB188394}.Debug|Any CPU.Build.0 = Debug|Any CPU
		{12148C74-F67E-4DEA-812C-3DD3EB188394}.Debug|x64.ActiveCfg = Debug|Any CPU
		{12148C74-F67E-4DEA-812C-3DD3EB188394}.Debug|x64.Build.0 = Debug|Any CPU
		{12148C74-F67E-4DEA-812C-3DD3EB188394}.Debug|x86.ActiveCfg = Debug|Any CPU
		{12148C74-F67E-4DEA-812C-3DD3EB188394}.Debug|x86.Build.0 = Debug|Any CPU
		{12148C74-F67E-4DEA-812C-3DD3EB188394}.Release|Any CPU.ActiveCfg = Release|Any CPU
		{12148C74-F67E-4DEA-812C-3DD3EB188394}.Release|Any CPU.Build.0 = Release|Any CPU
		{12148C74-F67E-4DEA-812C-3DD3EB188394}.Release|x64.ActiveCfg = Release|Any CPU
		{12148C74-F67E-4DEA-812C-3DD3EB188394}.Release|x64.Build.0 = Release|Any CPU
		{12148C74-F67E-4DEA-812C-3DD3EB188394}.Release|x86.ActiveCfg = Release|Any CPU
		{12148C74-F67E-4DEA-812C-3DD3EB188394}.Release|x86.Build.0 = Release|Any CPU
		{7C7B3862-6EF8-4972-973A-49F2623E9B1D}.Debug|Any CPU.ActiveCfg = Debug|Any CPU
		{7C7B3862-6EF8-4972-973A-49F2623E9B1D}.Debug|Any CPU.Build.0 = Debug|Any CPU
		{7C7B3862-6EF8-4972-973A-49F2623E9B1D}.Debug|x64.ActiveCfg = Debug|Any CPU
		{7C7B3862-6EF8-4972-973A-49F2623E9B1D}.Debug|x64.Build.0 = Debug|Any CPU
		{7C7B3862-6EF8-4972-973A-49F2623E9B1D}.Debug|x86.ActiveCfg = Debug|Any CPU
		{7C7B3862-6EF8-4972-973A-49F2623E9B1D}.Debug|x86.Build.0 = Debug|Any CPU
		{7C7B3862-6EF8-4972-973A-49F2623E9B1D}.Release|Any CPU.ActiveCfg = Release|Any CPU
		{7C7B3862-6EF8-4972-973A-49F2623E9B1D}.Release|Any CPU.Build.0 = Release|Any CPU
		{7C7B3862-6EF8-4972-973A-49F2623E9B1D}.Release|x64.ActiveCfg = Release|Any CPU
		{7C7B3862-6EF8-4972-973A-49F2623E9B1D}.Release|x64.Build.0 = Release|Any CPU
		{7C7B3862-6EF8-4972-973A-49F2623E9B1D}.Release|x86.ActiveCfg = Release|Any CPU
		{7C7B3862-6EF8-4972-973A-49F2623E9B1D}.Release|x86.Build.0 = Release|Any CPU
		{3483E281-CAA7-498E-8016-D6AD6BBC8167}.Debug|Any CPU.ActiveCfg = Debug|Any CPU
		{3483E281-CAA7-498E-8016-D6AD6BBC8167}.Debug|Any CPU.Build.0 = Debug|Any CPU
		{3483E281-CAA7-498E-8016-D6AD6BBC8167}.Debug|x64.ActiveCfg = Debug|Any CPU
		{3483E281-CAA7-498E-8016-D6AD6BBC8167}.Debug|x64.Build.0 = Debug|Any CPU
		{3483E281-CAA7-498E-8016-D6AD6BBC8167}.Debug|x86.ActiveCfg = Debug|Any CPU
		{3483E281-CAA7-498E-8016-D6AD6BBC8167}.Debug|x86.Build.0 = Debug|Any CPU
		{3483E281-CAA7-498E-8016-D6AD6BBC8167}.Release|Any CPU.ActiveCfg = Release|Any CPU
		{3483E281-CAA7-498E-8016-D6AD6BBC8167}.Release|Any CPU.Build.0 = Release|Any CPU
		{3483E281-CAA7-498E-8016-D6AD6BBC8167}.Release|x64.ActiveCfg = Release|Any CPU
		{3483E281-CAA7-498E-8016-D6AD6BBC8167}.Release|x64.Build.0 = Release|Any CPU
		{3483E281-CAA7-498E-8016-D6AD6BBC8167}.Release|x86.ActiveCfg = Release|Any CPU
		{3483E281-CAA7-498E-8016-D6AD6BBC8167}.Release|x86.Build.0 = Release|Any CPU
		{428C194B-27DD-4F38-982C-6C827A831509}.Debug|Any CPU.ActiveCfg = Debug|Any CPU
		{428C194B-27DD-4F38-982C-6C827A831509}.Debug|Any CPU.Build.0 = Debug|Any CPU
		{428C194B-27DD-4F38-982C-6C827A831509}.Debug|x64.ActiveCfg = Debug|Any CPU
		{428C194B-27DD-4F38-982C-6C827A831509}.Debug|x64.Build.0 = Debug|Any CPU
		{428C194B-27DD-4F38-982C-6C827A831509}.Debug|x86.ActiveCfg = Debug|Any CPU
		{428C194B-27DD-4F38-982C-6C827A831509}.Debug|x86.Build.0 = Debug|Any CPU
		{428C194B-27DD-4F38-982C-6C827A831509}.Release|Any CPU.ActiveCfg = Release|Any CPU
		{428C194B-27DD-4F38-982C-6C827A831509}.Release|Any CPU.Build.0 = Release|Any CPU
		{428C194B-27DD-4F38-982C-6C827A831509}.Release|x64.ActiveCfg = Release|Any CPU
		{428C194B-27DD-4F38-982C-6C827A831509}.Release|x64.Build.0 = Release|Any CPU
		{428C194B-27DD-4F38-982C-6C827A831509}.Release|x86.ActiveCfg = Release|Any CPU
		{428C194B-27DD-4F38-982C-6C827A831509}.Release|x86.Build.0 = Release|Any CPU
		{1B81D6EE-6B45-4FCF-98EB-7112C0BD13AF}.Debug|Any CPU.ActiveCfg = Debug|Any CPU
		{1B81D6EE-6B45-4FCF-98EB-7112C0BD13AF}.Debug|Any CPU.Build.0 = Debug|Any CPU
		{1B81D6EE-6B45-4FCF-98EB-7112C0BD13AF}.Debug|x64.ActiveCfg = Debug|Any CPU
		{1B81D6EE-6B45-4FCF-98EB-7112C0BD13AF}.Debug|x64.Build.0 = Debug|Any CPU
		{1B81D6EE-6B45-4FCF-98EB-7112C0BD13AF}.Debug|x86.ActiveCfg = Debug|Any CPU
		{1B81D6EE-6B45-4FCF-98EB-7112C0BD13AF}.Debug|x86.Build.0 = Debug|Any CPU
		{1B81D6EE-6B45-4FCF-98EB-7112C0BD13AF}.Release|Any CPU.ActiveCfg = Release|Any CPU
		{1B81D6EE-6B45-4FCF-98EB-7112C0BD13AF}.Release|Any CPU.Build.0 = Release|Any CPU
		{1B81D6EE-6B45-4FCF-98EB-7112C0BD13AF}.Release|x64.ActiveCfg = Release|Any CPU
		{1B81D6EE-6B45-4FCF-98EB-7112C0BD13AF}.Release|x64.Build.0 = Release|Any CPU
		{1B81D6EE-6B45-4FCF-98EB-7112C0BD13AF}.Release|x86.ActiveCfg = Release|Any CPU
		{1B81D6EE-6B45-4FCF-98EB-7112C0BD13AF}.Release|x86.Build.0 = Release|Any CPU
		{E734D782-9331-4392-BABF-2C36B5E15774}.Debug|Any CPU.ActiveCfg = Debug|Any CPU
		{E734D782-9331-4392-BABF-2C36B5E15774}.Debug|Any CPU.Build.0 = Debug|Any CPU
		{E734D782-9331-4392-BABF-2C36B5E15774}.Debug|x64.ActiveCfg = Debug|Any CPU
		{E734D782-9331-4392-BABF-2C36B5E15774}.Debug|x64.Build.0 = Debug|Any CPU
		{E734D782-9331-4392-BABF-2C36B5E15774}.Debug|x86.ActiveCfg = Debug|Any CPU
		{E734D782-9331-4392-BABF-2C36B5E15774}.Debug|x86.Build.0 = Debug|Any CPU
		{E734D782-9331-4392-BABF-2C36B5E15774}.Release|Any CPU.ActiveCfg = Release|Any CPU
		{E734D782-9331-4392-BABF-2C36B5E15774}.Release|Any CPU.Build.0 = Release|Any CPU
		{E734D782-9331-4392-BABF-2C36B5E15774}.Release|x64.ActiveCfg = Release|Any CPU
		{E734D782-9331-4392-BABF-2C36B5E15774}.Release|x64.Build.0 = Release|Any CPU
		{E734D782-9331-4392-BABF-2C36B5E15774}.Release|x86.ActiveCfg = Release|Any CPU
		{E734D782-9331-4392-BABF-2C36B5E15774}.Release|x86.Build.0 = Release|Any CPU
		{6E981E61-A2A2-4103-BB28-D39147C51D2E}.Debug|Any CPU.ActiveCfg = Debug|Any CPU
		{6E981E61-A2A2-4103-BB28-D39147C51D2E}.Debug|Any CPU.Build.0 = Debug|Any CPU
		{6E981E61-A2A2-4103-BB28-D39147C51D2E}.Debug|x64.ActiveCfg = Debug|Any CPU
		{6E981E61-A2A2-4103-BB28-D39147C51D2E}.Debug|x64.Build.0 = Debug|Any CPU
		{6E981E61-A2A2-4103-BB28-D39147C51D2E}.Debug|x86.ActiveCfg = Debug|Any CPU
		{6E981E61-A2A2-4103-BB28-D39147C51D2E}.Debug|x86.Build.0 = Debug|Any CPU
		{6E981E61-A2A2-4103-BB28-D39147C51D2E}.Release|Any CPU.ActiveCfg = Release|Any CPU
		{6E981E61-A2A2-4103-BB28-D39147C51D2E}.Release|Any CPU.Build.0 = Release|Any CPU
		{6E981E61-A2A2-4103-BB28-D39147C51D2E}.Release|x64.ActiveCfg = Release|Any CPU
		{6E981E61-A2A2-4103-BB28-D39147C51D2E}.Release|x64.Build.0 = Release|Any CPU
		{6E981E61-A2A2-4103-BB28-D39147C51D2E}.Release|x86.ActiveCfg = Release|Any CPU
		{6E981E61-A2A2-4103-BB28-D39147C51D2E}.Release|x86.Build.0 = Release|Any CPU
		{D9D8A203-50DA-464D-8C13-22092A15B93D}.Debug|Any CPU.ActiveCfg = Debug|Any CPU
		{D9D8A203-50DA-464D-8C13-22092A15B93D}.Debug|Any CPU.Build.0 = Debug|Any CPU
		{D9D8A203-50DA-464D-8C13-22092A15B93D}.Debug|x64.ActiveCfg = Debug|Any CPU
		{D9D8A203-50DA-464D-8C13-22092A15B93D}.Debug|x64.Build.0 = Debug|Any CPU
		{D9D8A203-50DA-464D-8C13-22092A15B93D}.Debug|x86.ActiveCfg = Debug|Any CPU
		{D9D8A203-50DA-464D-8C13-22092A15B93D}.Debug|x86.Build.0 = Debug|Any CPU
		{D9D8A203-50DA-464D-8C13-22092A15B93D}.Release|Any CPU.ActiveCfg = Release|Any CPU
		{D9D8A203-50DA-464D-8C13-22092A15B93D}.Release|Any CPU.Build.0 = Release|Any CPU
		{D9D8A203-50DA-464D-8C13-22092A15B93D}.Release|x64.ActiveCfg = Release|Any CPU
		{D9D8A203-50DA-464D-8C13-22092A15B93D}.Release|x64.Build.0 = Release|Any CPU
		{D9D8A203-50DA-464D-8C13-22092A15B93D}.Release|x86.ActiveCfg = Release|Any CPU
		{D9D8A203-50DA-464D-8C13-22092A15B93D}.Release|x86.Build.0 = Release|Any CPU
		{6A15EA3F-1761-4A14-81EA-59BE1893ED7D}.Debug|Any CPU.ActiveCfg = Debug|Any CPU
		{6A15EA3F-1761-4A14-81EA-59BE1893ED7D}.Debug|Any CPU.Build.0 = Debug|Any CPU
		{6A15EA3F-1761-4A14-81EA-59BE1893ED7D}.Debug|x64.ActiveCfg = Debug|Any CPU
		{6A15EA3F-1761-4A14-81EA-59BE1893ED7D}.Debug|x64.Build.0 = Debug|Any CPU
		{6A15EA3F-1761-4A14-81EA-59BE1893ED7D}.Debug|x86.ActiveCfg = Debug|Any CPU
		{6A15EA3F-1761-4A14-81EA-59BE1893ED7D}.Debug|x86.Build.0 = Debug|Any CPU
		{6A15EA3F-1761-4A14-81EA-59BE1893ED7D}.Release|Any CPU.ActiveCfg = Release|Any CPU
		{6A15EA3F-1761-4A14-81EA-59BE1893ED7D}.Release|Any CPU.Build.0 = Release|Any CPU
		{6A15EA3F-1761-4A14-81EA-59BE1893ED7D}.Release|x64.ActiveCfg = Release|Any CPU
		{6A15EA3F-1761-4A14-81EA-59BE1893ED7D}.Release|x64.Build.0 = Release|Any CPU
		{6A15EA3F-1761-4A14-81EA-59BE1893ED7D}.Release|x86.ActiveCfg = Release|Any CPU
		{6A15EA3F-1761-4A14-81EA-59BE1893ED7D}.Release|x86.Build.0 = Release|Any CPU
		{BA847651-76F3-4B44-AD66-4C89BA80E066}.Debug|Any CPU.ActiveCfg = Debug|Any CPU
		{BA847651-76F3-4B44-AD66-4C89BA80E066}.Debug|Any CPU.Build.0 = Debug|Any CPU
		{BA847651-76F3-4B44-AD66-4C89BA80E066}.Debug|x64.ActiveCfg = Debug|Any CPU
		{BA847651-76F3-4B44-AD66-4C89BA80E066}.Debug|x64.Build.0 = Debug|Any CPU
		{BA847651-76F3-4B44-AD66-4C89BA80E066}.Debug|x86.ActiveCfg = Debug|Any CPU
		{BA847651-76F3-4B44-AD66-4C89BA80E066}.Debug|x86.Build.0 = Debug|Any CPU
		{BA847651-76F3-4B44-AD66-4C89BA80E066}.Release|Any CPU.ActiveCfg = Release|Any CPU
		{BA847651-76F3-4B44-AD66-4C89BA80E066}.Release|Any CPU.Build.0 = Release|Any CPU
		{BA847651-76F3-4B44-AD66-4C89BA80E066}.Release|x64.ActiveCfg = Release|Any CPU
		{BA847651-76F3-4B44-AD66-4C89BA80E066}.Release|x64.Build.0 = Release|Any CPU
		{BA847651-76F3-4B44-AD66-4C89BA80E066}.Release|x86.ActiveCfg = Release|Any CPU
		{BA847651-76F3-4B44-AD66-4C89BA80E066}.Release|x86.Build.0 = Release|Any CPU
		{9F37EFB6-10FB-4312-BAF1-B923F14AB157}.Debug|Any CPU.ActiveCfg = Debug|Any CPU
		{9F37EFB6-10FB-4312-BAF1-B923F14AB157}.Debug|Any CPU.Build.0 = Debug|Any CPU
		{9F37EFB6-10FB-4312-BAF1-B923F14AB157}.Debug|x64.ActiveCfg = Debug|Any CPU
		{9F37EFB6-10FB-4312-BAF1-B923F14AB157}.Debug|x64.Build.0 = Debug|Any CPU
		{9F37EFB6-10FB-4312-BAF1-B923F14AB157}.Debug|x86.ActiveCfg = Debug|Any CPU
		{9F37EFB6-10FB-4312-BAF1-B923F14AB157}.Debug|x86.Build.0 = Debug|Any CPU
		{9F37EFB6-10FB-4312-BAF1-B923F14AB157}.Release|Any CPU.ActiveCfg = Release|Any CPU
		{9F37EFB6-10FB-4312-BAF1-B923F14AB157}.Release|Any CPU.Build.0 = Release|Any CPU
		{9F37EFB6-10FB-4312-BAF1-B923F14AB157}.Release|x64.ActiveCfg = Release|Any CPU
		{9F37EFB6-10FB-4312-BAF1-B923F14AB157}.Release|x64.Build.0 = Release|Any CPU
		{9F37EFB6-10FB-4312-BAF1-B923F14AB157}.Release|x86.ActiveCfg = Release|Any CPU
		{9F37EFB6-10FB-4312-BAF1-B923F14AB157}.Release|x86.Build.0 = Release|Any CPU
		{83B20D1F-879A-409A-8B98-A74F168AF68B}.Debug|Any CPU.ActiveCfg = Debug|Any CPU
		{83B20D1F-879A-409A-8B98-A74F168AF68B}.Debug|Any CPU.Build.0 = Debug|Any CPU
		{83B20D1F-879A-409A-8B98-A74F168AF68B}.Debug|x64.ActiveCfg = Debug|Any CPU
		{83B20D1F-879A-409A-8B98-A74F168AF68B}.Debug|x64.Build.0 = Debug|Any CPU
		{83B20D1F-879A-409A-8B98-A74F168AF68B}.Debug|x86.ActiveCfg = Debug|Any CPU
		{83B20D1F-879A-409A-8B98-A74F168AF68B}.Debug|x86.Build.0 = Debug|Any CPU
		{83B20D1F-879A-409A-8B98-A74F168AF68B}.Release|Any CPU.ActiveCfg = Release|Any CPU
		{83B20D1F-879A-409A-8B98-A74F168AF68B}.Release|Any CPU.Build.0 = Release|Any CPU
		{83B20D1F-879A-409A-8B98-A74F168AF68B}.Release|x64.ActiveCfg = Release|Any CPU
		{83B20D1F-879A-409A-8B98-A74F168AF68B}.Release|x64.Build.0 = Release|Any CPU
		{83B20D1F-879A-409A-8B98-A74F168AF68B}.Release|x86.ActiveCfg = Release|Any CPU
		{83B20D1F-879A-409A-8B98-A74F168AF68B}.Release|x86.Build.0 = Release|Any CPU
		{34D03C86-B08D-46BA-8514-83267E34C649}.Debug|Any CPU.ActiveCfg = Debug|Any CPU
		{34D03C86-B08D-46BA-8514-83267E34C649}.Debug|Any CPU.Build.0 = Debug|Any CPU
		{34D03C86-B08D-46BA-8514-83267E34C649}.Debug|x64.ActiveCfg = Debug|Any CPU
		{34D03C86-B08D-46BA-8514-83267E34C649}.Debug|x64.Build.0 = Debug|Any CPU
		{34D03C86-B08D-46BA-8514-83267E34C649}.Debug|x86.ActiveCfg = Debug|Any CPU
		{34D03C86-B08D-46BA-8514-83267E34C649}.Debug|x86.Build.0 = Debug|Any CPU
		{34D03C86-B08D-46BA-8514-83267E34C649}.Release|Any CPU.ActiveCfg = Release|Any CPU
		{34D03C86-B08D-46BA-8514-83267E34C649}.Release|Any CPU.Build.0 = Release|Any CPU
		{34D03C86-B08D-46BA-8514-83267E34C649}.Release|x64.ActiveCfg = Release|Any CPU
		{34D03C86-B08D-46BA-8514-83267E34C649}.Release|x64.Build.0 = Release|Any CPU
		{34D03C86-B08D-46BA-8514-83267E34C649}.Release|x86.ActiveCfg = Release|Any CPU
		{34D03C86-B08D-46BA-8514-83267E34C649}.Release|x86.Build.0 = Release|Any CPU
		{05488148-4F5C-418A-BA42-00C7A2A0FAF0}.Debug|Any CPU.ActiveCfg = Debug|Any CPU
		{05488148-4F5C-418A-BA42-00C7A2A0FAF0}.Debug|Any CPU.Build.0 = Debug|Any CPU
		{05488148-4F5C-418A-BA42-00C7A2A0FAF0}.Debug|x64.ActiveCfg = Debug|Any CPU
		{05488148-4F5C-418A-BA42-00C7A2A0FAF0}.Debug|x64.Build.0 = Debug|Any CPU
		{05488148-4F5C-418A-BA42-00C7A2A0FAF0}.Debug|x86.ActiveCfg = Debug|Any CPU
		{05488148-4F5C-418A-BA42-00C7A2A0FAF0}.Debug|x86.Build.0 = Debug|Any CPU
		{05488148-4F5C-418A-BA42-00C7A2A0FAF0}.Release|Any CPU.ActiveCfg = Release|Any CPU
		{05488148-4F5C-418A-BA42-00C7A2A0FAF0}.Release|Any CPU.Build.0 = Release|Any CPU
		{05488148-4F5C-418A-BA42-00C7A2A0FAF0}.Release|x64.ActiveCfg = Release|Any CPU
		{05488148-4F5C-418A-BA42-00C7A2A0FAF0}.Release|x64.Build.0 = Release|Any CPU
		{05488148-4F5C-418A-BA42-00C7A2A0FAF0}.Release|x86.ActiveCfg = Release|Any CPU
		{05488148-4F5C-418A-BA42-00C7A2A0FAF0}.Release|x86.Build.0 = Release|Any CPU
		{5BE98470-E204-4BD8-9E18-0303CC2D0C5C}.Debug|Any CPU.ActiveCfg = Debug|Any CPU
		{5BE98470-E204-4BD8-9E18-0303CC2D0C5C}.Debug|Any CPU.Build.0 = Debug|Any CPU
		{5BE98470-E204-4BD8-9E18-0303CC2D0C5C}.Debug|x64.ActiveCfg = Debug|Any CPU
		{5BE98470-E204-4BD8-9E18-0303CC2D0C5C}.Debug|x64.Build.0 = Debug|Any CPU
		{5BE98470-E204-4BD8-9E18-0303CC2D0C5C}.Debug|x86.ActiveCfg = Debug|Any CPU
		{5BE98470-E204-4BD8-9E18-0303CC2D0C5C}.Debug|x86.Build.0 = Debug|Any CPU
		{5BE98470-E204-4BD8-9E18-0303CC2D0C5C}.Release|Any CPU.ActiveCfg = Release|Any CPU
		{5BE98470-E204-4BD8-9E18-0303CC2D0C5C}.Release|Any CPU.Build.0 = Release|Any CPU
		{5BE98470-E204-4BD8-9E18-0303CC2D0C5C}.Release|x64.ActiveCfg = Release|Any CPU
		{5BE98470-E204-4BD8-9E18-0303CC2D0C5C}.Release|x64.Build.0 = Release|Any CPU
		{5BE98470-E204-4BD8-9E18-0303CC2D0C5C}.Release|x86.ActiveCfg = Release|Any CPU
		{5BE98470-E204-4BD8-9E18-0303CC2D0C5C}.Release|x86.Build.0 = Release|Any CPU
		{A7C6B5EF-9600-4967-9707-50142405F2D3}.Debug|Any CPU.ActiveCfg = Debug|Any CPU
		{A7C6B5EF-9600-4967-9707-50142405F2D3}.Debug|Any CPU.Build.0 = Debug|Any CPU
		{A7C6B5EF-9600-4967-9707-50142405F2D3}.Debug|x64.ActiveCfg = Debug|Any CPU
		{A7C6B5EF-9600-4967-9707-50142405F2D3}.Debug|x64.Build.0 = Debug|Any CPU
		{A7C6B5EF-9600-4967-9707-50142405F2D3}.Debug|x86.ActiveCfg = Debug|Any CPU
		{A7C6B5EF-9600-4967-9707-50142405F2D3}.Debug|x86.Build.0 = Debug|Any CPU
		{A7C6B5EF-9600-4967-9707-50142405F2D3}.Release|Any CPU.ActiveCfg = Release|Any CPU
		{A7C6B5EF-9600-4967-9707-50142405F2D3}.Release|Any CPU.Build.0 = Release|Any CPU
		{A7C6B5EF-9600-4967-9707-50142405F2D3}.Release|x64.ActiveCfg = Release|Any CPU
		{A7C6B5EF-9600-4967-9707-50142405F2D3}.Release|x64.Build.0 = Release|Any CPU
		{A7C6B5EF-9600-4967-9707-50142405F2D3}.Release|x86.ActiveCfg = Release|Any CPU
		{A7C6B5EF-9600-4967-9707-50142405F2D3}.Release|x86.Build.0 = Release|Any CPU
		{5AEDD54A-96F0-4188-9AE9-3777F85F39E5}.Debug|Any CPU.ActiveCfg = Debug|Any CPU
		{5AEDD54A-96F0-4188-9AE9-3777F85F39E5}.Debug|Any CPU.Build.0 = Debug|Any CPU
		{5AEDD54A-96F0-4188-9AE9-3777F85F39E5}.Debug|x64.ActiveCfg = Debug|Any CPU
		{5AEDD54A-96F0-4188-9AE9-3777F85F39E5}.Debug|x64.Build.0 = Debug|Any CPU
		{5AEDD54A-96F0-4188-9AE9-3777F85F39E5}.Debug|x86.ActiveCfg = Debug|Any CPU
		{5AEDD54A-96F0-4188-9AE9-3777F85F39E5}.Debug|x86.Build.0 = Debug|Any CPU
		{5AEDD54A-96F0-4188-9AE9-3777F85F39E5}.Release|Any CPU.ActiveCfg = Release|Any CPU
		{5AEDD54A-96F0-4188-9AE9-3777F85F39E5}.Release|Any CPU.Build.0 = Release|Any CPU
		{5AEDD54A-96F0-4188-9AE9-3777F85F39E5}.Release|x64.ActiveCfg = Release|Any CPU
		{5AEDD54A-96F0-4188-9AE9-3777F85F39E5}.Release|x64.Build.0 = Release|Any CPU
		{5AEDD54A-96F0-4188-9AE9-3777F85F39E5}.Release|x86.ActiveCfg = Release|Any CPU
		{5AEDD54A-96F0-4188-9AE9-3777F85F39E5}.Release|x86.Build.0 = Release|Any CPU
	EndGlobalSection
	GlobalSection(SolutionProperties) = preSolution
		HideSolutionNode = FALSE
	EndGlobalSection
	GlobalSection(NestedProjects) = preSolution
		{C8E42992-5E42-0C2B-DBFE-AA848D06431C} = {827E0CD3-B72D-47B6-A68D-7590B98EB39B}
		{2DC4F7F6-8FD2-45D3-82E7-26F3C199F1E2} = {C8E42992-5E42-0C2B-DBFE-AA848D06431C}
		{65ABFB5D-2B10-DF64-BF12-C17976F8E5D9} = {827E0CD3-B72D-47B6-A68D-7590B98EB39B}
		{EC139D70-4DD2-42E0-A8AD-9B63E14975A2} = {65ABFB5D-2B10-DF64-BF12-C17976F8E5D9}
		{3BA175B9-99D9-4B76-8F9C-01C615DD6498} = {65ABFB5D-2B10-DF64-BF12-C17976F8E5D9}
		{51F1226C-1A02-4B39-96E3-BBBEE3C3775D} = {65ABFB5D-2B10-DF64-BF12-C17976F8E5D9}
		{5FD26DEA-B79D-41E0-A0F0-4EBF999FCD91} = {65ABFB5D-2B10-DF64-BF12-C17976F8E5D9}
		{0B965A6B-360D-9E34-213D-3E28CD84F5E6} = {827E0CD3-B72D-47B6-A68D-7590B98EB39B}
		{2E76AF6C-5979-4722-8464-4BFD6EA5844C} = {0B965A6B-360D-9E34-213D-3E28CD84F5E6}
		{7EF7318B-D48E-4CD3-ADC2-37E900FB0BB5} = {0B965A6B-360D-9E34-213D-3E28CD84F5E6}
		{42FE4022-DF93-472E-BC80-564F7F2AEC90} = {0B965A6B-360D-9E34-213D-3E28CD84F5E6}
		{8F80AFF5-CE02-4852-8A9C-3E1D90F5B0D7} = {0B965A6B-360D-9E34-213D-3E28CD84F5E6}
		{38532A7F-EC54-9B11-70D2-B3A38FFD3B37} = {827E0CD3-B72D-47B6-A68D-7590B98EB39B}
		{878E0656-7BD0-4F9A-9564-E4EA9FA3CBB6} = {38532A7F-EC54-9B11-70D2-B3A38FFD3B37}
		{EAE4876B-2DDB-4BFA-B33D-2FACB570DEE4} = {38532A7F-EC54-9B11-70D2-B3A38FFD3B37}
		{E71614E7-5673-4AD9-905C-AEFB9CD65879} = {38532A7F-EC54-9B11-70D2-B3A38FFD3B37}
		{7CAC2F64-1343-4C13-9223-2B597E89BEFA} = {38532A7F-EC54-9B11-70D2-B3A38FFD3B37}
		{A41B5581-00B6-1743-8D5D-39EFB463E538} = {827E0CD3-B72D-47B6-A68D-7590B98EB39B}
		{12148C74-F67E-4DEA-812C-3DD3EB188394} = {A41B5581-00B6-1743-8D5D-39EFB463E538}
		{7C7B3862-6EF8-4972-973A-49F2623E9B1D} = {A41B5581-00B6-1743-8D5D-39EFB463E538}
		{3483E281-CAA7-498E-8016-D6AD6BBC8167} = {A41B5581-00B6-1743-8D5D-39EFB463E538}
		{428C194B-27DD-4F38-982C-6C827A831509} = {A41B5581-00B6-1743-8D5D-39EFB463E538}
		{1B81D6EE-6B45-4FCF-98EB-7112C0BD13AF} = {C8E42992-5E42-0C2B-DBFE-AA848D06431C}
		{E734D782-9331-4392-BABF-2C36B5E15774} = {C8E42992-5E42-0C2B-DBFE-AA848D06431C}
		{6E981E61-A2A2-4103-BB28-D39147C51D2E} = {0AB3BF05-4346-4AA6-1389-037BE0695223}
		{D9D8A203-50DA-464D-8C13-22092A15B93D} = {0AB3BF05-4346-4AA6-1389-037BE0695223}
		{6A15EA3F-1761-4A14-81EA-59BE1893ED7D} = {0AB3BF05-4346-4AA6-1389-037BE0695223}
		{BA847651-76F3-4B44-AD66-4C89BA80E066} = {0AB3BF05-4346-4AA6-1389-037BE0695223}
		{9F37EFB6-10FB-4312-BAF1-B923F14AB157} = {0AB3BF05-4346-4AA6-1389-037BE0695223}
		{83B20D1F-879A-409A-8B98-A74F168AF68B} = {0AB3BF05-4346-4AA6-1389-037BE0695223}
		{34D03C86-B08D-46BA-8514-83267E34C649} = {827E0CD3-B72D-47B6-A68D-7590B98EB39B}
		{05488148-4F5C-418A-BA42-00C7A2A0FAF0} = {07C2787E-EAC7-C090-1BA3-A61EC2A24D84}
		{5BE98470-E204-4BD8-9E18-0303CC2D0C5C} = {0AB3BF05-4346-4AA6-1389-037BE0695223}
		{A7C6B5EF-9600-4967-9707-50142405F2D3} = {0AB3BF05-4346-4AA6-1389-037BE0695223}
		{5AEDD54A-96F0-4188-9AE9-3777F85F39E5} = {C8E42992-5E42-0C2B-DBFE-AA848D06431C}
	EndGlobalSection
EndGlobal
